
Microsoft Visual Studio Solution File, Format Version 12.00
# Visual Studio Version 16
VisualStudioVersion = 16.0.31129.286
MinimumVisualStudioVersion = 10.0.40219.1
Project("{9A19103F-16F7-4668-BE54-9A1E7A4F7556}") = "LibRarisma", "LibRarisma\LibRarisma.csproj", "{FB6C0F70-E4EB-4E9A-B888-59BB3F548924}"
EndProject
Global
	GlobalSection(SolutionConfigurationPlatforms) = preSolution
		Debug|Any CPU = Debug|Any CPU
		Release|Any CPU = Release|Any CPU
	EndGlobalSection
	GlobalSection(ProjectConfigurationPlatforms) = postSolution
		{FB6C0F70-E4EB-4E9A-B888-59BB3F548924}.Debug|Any CPU.ActiveCfg = Debug|Any CPU
		{FB6C0F70-E4EB-4E9A-B888-59BB3F548924}.Debug|Any CPU.Build.0 = Debug|Any CPU
		{FB6C0F70-E4EB-4E9A-B888-59BB3F548924}.Release|Any CPU.ActiveCfg = Release|Any CPU
		{FB6C0F70-E4EB-4E9A-B888-59BB3F548924}.Release|Any CPU.Build.0 = Release|Any CPU
	EndGlobalSection
	GlobalSection(SolutionProperties) = preSolution
		HideSolutionNode = FALSE
	EndGlobalSection
	GlobalSection(ExtensibilityGlobals) = postSolution
		SolutionGuid = {2645A222-36E3-4CD7-869C-D581122C536B}
	EndGlobalSection
EndGlobal
